
Microsoft Visual Studio Solution File, Format Version 12.00
# Visual Studio Version 16
VisualStudioVersion = 16.0.34601.136
MinimumVisualStudioVersion = 10.0.40219.1
Project("{9A19103F-16F7-4668-BE54-9A1E7A4F7556}") = "KatmanlıMimariProje", "KatmanlıMimariProje\KatmanlıMimariProje.csproj", "{229F237C-C984-4A6E-B075-613815948EE6}"
EndProject
Project("{9A19103F-16F7-4668-BE54-9A1E7A4F7556}") = "EntityLayer", "EntityLayer\EntityLayer.csproj", "{C2C0AF78-AC62-4715-AC8E-CFE6ADC9F4A8}"
EndProject
Project("{9A19103F-16F7-4668-BE54-9A1E7A4F7556}") = "DataAccessLayer", "DataAccessLayer\DataAccessLayer.csproj", "{0C93DA03-B2AD-4DA0-8F39-4F4B40171E5D}"
EndProject
Project("{9A19103F-16F7-4668-BE54-9A1E7A4F7556}") = "BusinessLayer", "BusinessLayer\BusinessLayer.csproj", "{3BBB3B23-11F8-4BAE-B987-38D141203AB4}"
EndProject
Global
	GlobalSection(SolutionConfigurationPlatforms) = preSolution
		Debug|Any CPU = Debug|Any CPU
		Release|Any CPU = Release|Any CPU
	EndGlobalSection
	GlobalSection(ProjectConfigurationPlatforms) = postSolution
		{229F237C-C984-4A6E-B075-613815948EE6}.Debug|Any CPU.ActiveCfg = Debug|Any CPU
		{229F237C-C984-4A6E-B075-613815948EE6}.Debug|Any CPU.Build.0 = Debug|Any CPU
		{229F237C-C984-4A6E-B075-613815948EE6}.Release|Any CPU.ActiveCfg = Release|Any CPU
		{229F237C-C984-4A6E-B075-613815948EE6}.Release|Any CPU.Build.0 = Release|Any CPU
		{C2C0AF78-AC62-4715-AC8E-CFE6ADC9F4A8}.Debug|Any CPU.ActiveCfg = Debug|Any CPU
		{C2C0AF78-AC62-4715-AC8E-CFE6ADC9F4A8}.Debug|Any CPU.Build.0 = Debug|Any CPU
		{C2C0AF78-AC62-4715-AC8E-CFE6ADC9F4A8}.Release|Any CPU.ActiveCfg = Release|Any CPU
		{C2C0AF78-AC62-4715-AC8E-CFE6ADC9F4A8}.Release|Any CPU.Build.0 = Release|Any CPU
		{0C93DA03-B2AD-4DA0-8F39-4F4B40171E5D}.Debug|Any CPU.ActiveCfg = Debug|Any CPU
		{0C93DA03-B2AD-4DA0-8F39-4F4B40171E5D}.Debug|Any CPU.Build.0 = Debug|Any CPU
		{0C93DA03-B2AD-4DA0-8F39-4F4B40171E5D}.Release|Any CPU.ActiveCfg = Release|Any CPU
		{0C93DA03-B2AD-4DA0-8F39-4F4B40171E5D}.Release|Any CPU.Build.0 = Release|Any CPU
		{3BBB3B23-11F8-4BAE-B987-38D141203AB4}.Debug|Any CPU.ActiveCfg = Debug|Any CPU
		{3BBB3B23-11F8-4BAE-B987-38D141203AB4}.Debug|Any CPU.Build.0 = Debug|Any CPU
		{3BBB3B23-11F8-4BAE-B987-38D141203AB4}.Release|Any CPU.ActiveCfg = Release|Any CPU
		{3BBB3B23-11F8-4BAE-B987-38D141203AB4}.Release|Any CPU.Build.0 = Release|Any CPU
	EndGlobalSection
	GlobalSection(SolutionProperties) = preSolution
		HideSolutionNode = FALSE
	EndGlobalSection
	GlobalSection(ExtensibilityGlobals) = postSolution
		SolutionGuid = {0DBCB81A-3FF3-4769-B394-DC68298A4AA9}
	EndGlobalSection
EndGlobal
